
Microsoft Visual Studio Solution File, Format Version 12.00
# Visual Studio 15
Project("{FAE04EC0-301F-11D3-BF4B-00C04F79EFBC}") = "Assembly-CSharp", "Assembly-CSharp.csproj", "{FAC34BE6-1CCA-5E0F-40D7-4C4A6DFD1572}"
EndProject
Project("{FAE04EC0-301F-11D3-BF4B-00C04F79EFBC}") = "Assembly-CSharp-Editor-firstpass", "Assembly-CSharp-Editor-firstpass.csproj", "{631182EB-F940-3047-A52F-A908848F4EB1}"
EndProject
Project("{FAE04EC0-301F-11D3-BF4B-00C04F79EFBC}") = "Assembly-CSharp-Editor", "Assembly-CSharp-Editor.csproj", "{346003EB-7D28-4B6B-CB6C-2A53EFD27180}"
EndProject
Global
	GlobalSection(SolutionConfigurationPlatforms) = preSolution
		Debug|Any CPU = Debug|Any CPU
		Release|Any CPU = Release|Any CPU
	EndGlobalSection
	GlobalSection(ProjectConfigurationPlatforms) = postSolution
		{FAC34BE6-1CCA-5E0F-40D7-4C4A6DFD1572}.Debug|Any CPU.ActiveCfg = Debug|Any CPU
		{FAC34BE6-1CCA-5E0F-40D7-4C4A6DFD1572}.Debug|Any CPU.Build.0 = Debug|Any CPU
		{FAC34BE6-1CCA-5E0F-40D7-4C4A6DFD1572}.Release|Any CPU.ActiveCfg = Release|Any CPU
		{FAC34BE6-1CCA-5E0F-40D7-4C4A6DFD1572}.Release|Any CPU.Build.0 = Release|Any CPU
		{631182EB-F940-3047-A52F-A908848F4EB1}.Debug|Any CPU.ActiveCfg = Debug|Any CPU
		{631182EB-F940-3047-A52F-A908848F4EB1}.Debug|Any CPU.Build.0 = Debug|Any CPU
		{631182EB-F940-3047-A52F-A908848F4EB1}.Release|Any CPU.ActiveCfg = Release|Any CPU
		{631182EB-F940-3047-A52F-A908848F4EB1}.Release|Any CPU.Build.0 = Release|Any CPU
		{346003EB-7D28-4B6B-CB6C-2A53EFD27180}.Debug|Any CPU.ActiveCfg = Debug|Any CPU
		{346003EB-7D28-4B6B-CB6C-2A53EFD27180}.Debug|Any CPU.Build.0 = Debug|Any CPU
		{346003EB-7D28-4B6B-CB6C-2A53EFD27180}.Release|Any CPU.ActiveCfg = Release|Any CPU
		{346003EB-7D28-4B6B-CB6C-2A53EFD27180}.Release|Any CPU.Build.0 = Release|Any CPU
	EndGlobalSection
	GlobalSection(SolutionProperties) = preSolution
		HideSolutionNode = FALSE
	EndGlobalSection
EndGlobal
